
Microsoft Visual Studio Solution File, Format Version 12.00
# Visual Studio 15
VisualStudioVersion = 15.0.27130.2026
MinimumVisualStudioVersion = 10.0.40219.1
Project("{9A19103F-16F7-4668-BE54-9A1E7A4F7556}") = "Jal.Bootstrapper", "Jal.Bootstrapper\Jal.Bootstrapper.csproj", "{C3C344B1-10DC-4C6A-B3CE-0D40EB4CCC9E}"
EndProject
Project("{9A19103F-16F7-4668-BE54-9A1E7A4F7556}") = "Jal.Bootstrapper.AutoMapper", "Jal.Bootstrapper.AutoMapper\Jal.Bootstrapper.AutoMapper.csproj", "{C94E9A55-27A7-4737-8314-438E2C60D8CB}"
EndProject
Project("{9A19103F-16F7-4668-BE54-9A1E7A4F7556}") = "Jal.Bootstrapper.CastleWindsor", "Jal.Bootstrapper.CastleWindsor\Jal.Bootstrapper.CastleWindsor.csproj", "{D81B002D-E30F-44D4-8EAD-EAD7C0330C99}"
EndProject
Project("{9A19103F-16F7-4668-BE54-9A1E7A4F7556}") = "Jal.Bootstrapper.Serilog.Sinks.Splunk", "Jal.Bootstrapper.Serilog.Sinks.Splunk\Jal.Bootstrapper.Serilog.Sinks.Splunk.csproj", "{6C31B4E8-2A36-426D-8C78-3ED03D7D81D9}"
EndProject
Project("{9A19103F-16F7-4668-BE54-9A1E7A4F7556}") = "Jal.Bootstrapper.LightInject", "Jal.Bootstrapper.LightInject\Jal.Bootstrapper.LightInject.csproj", "{78572824-7041-422B-927B-4952EBE08795}"
EndProject
Project("{2150E333-8FDC-42A3-9474-1A3956D46DE8}") = "Solution Items", "Solution Items", "{2239C09C-6D7A-49AE-A051-07582888EB3C}"
	ProjectSection(SolutionItems) = preProject
		README.md = README.md
	EndProjectSection
EndProject
Project("{FAE04EC0-301F-11D3-BF4B-00C04F79EFBC}") = "Jal.Bootstrapper.Tests", "Jal.Bootstrapper.Tests\Jal.Bootstrapper.Tests.csproj", "{0A89C935-4D93-453A-AA27-9C60E378B78E}"
EndProject
Global
	GlobalSection(SolutionConfigurationPlatforms) = preSolution
		Debug|Any CPU = Debug|Any CPU
		Release|Any CPU = Release|Any CPU
	EndGlobalSection
	GlobalSection(ProjectConfigurationPlatforms) = postSolution
		{C3C344B1-10DC-4C6A-B3CE-0D40EB4CCC9E}.Debug|Any CPU.ActiveCfg = Debug|Any CPU
		{C3C344B1-10DC-4C6A-B3CE-0D40EB4CCC9E}.Debug|Any CPU.Build.0 = Debug|Any CPU
		{C3C344B1-10DC-4C6A-B3CE-0D40EB4CCC9E}.Release|Any CPU.ActiveCfg = Release|Any CPU
		{C3C344B1-10DC-4C6A-B3CE-0D40EB4CCC9E}.Release|Any CPU.Build.0 = Release|Any CPU
		{C94E9A55-27A7-4737-8314-438E2C60D8CB}.Debug|Any CPU.ActiveCfg = Debug|Any CPU
		{C94E9A55-27A7-4737-8314-438E2C60D8CB}.Debug|Any CPU.Build.0 = Debug|Any CPU
		{C94E9A55-27A7-4737-8314-438E2C60D8CB}.Release|Any CPU.ActiveCfg = Release|Any CPU
		{C94E9A55-27A7-4737-8314-438E2C60D8CB}.Release|Any CPU.Build.0 = Release|Any CPU
		{D81B002D-E30F-44D4-8EAD-EAD7C0330C99}.Debug|Any CPU.ActiveCfg = Debug|Any CPU
		{D81B002D-E30F-44D4-8EAD-EAD7C0330C99}.Debug|Any CPU.Build.0 = Debug|Any CPU
		{D81B002D-E30F-44D4-8EAD-EAD7C0330C99}.Release|Any CPU.ActiveCfg = Release|Any CPU
		{D81B002D-E30F-44D4-8EAD-EAD7C0330C99}.Release|Any CPU.Build.0 = Release|Any CPU
		{6C31B4E8-2A36-426D-8C78-3ED03D7D81D9}.Debug|Any CPU.ActiveCfg = Debug|Any CPU
		{6C31B4E8-2A36-426D-8C78-3ED03D7D81D9}.Debug|Any CPU.Build.0 = Debug|Any CPU
		{6C31B4E8-2A36-426D-8C78-3ED03D7D81D9}.Release|Any CPU.ActiveCfg = Release|Any CPU
		{6C31B4E8-2A36-426D-8C78-3ED03D7D81D9}.Release|Any CPU.Build.0 = Release|Any CPU
		{78572824-7041-422B-927B-4952EBE08795}.Debug|Any CPU.ActiveCfg = Debug|Any CPU
		{78572824-7041-422B-927B-4952EBE08795}.Debug|Any CPU.Build.0 = Debug|Any CPU
		{78572824-7041-422B-927B-4952EBE08795}.Release|Any CPU.ActiveCfg = Release|Any CPU
		{78572824-7041-422B-927B-4952EBE08795}.Release|Any CPU.Build.0 = Release|Any CPU
		{0A89C935-4D93-453A-AA27-9C60E378B78E}.Debug|Any CPU.ActiveCfg = Debug|Any CPU
		{0A89C935-4D93-453A-AA27-9C60E378B78E}.Debug|Any CPU.Build.0 = Debug|Any CPU
		{0A89C935-4D93-453A-AA27-9C60E378B78E}.Release|Any CPU.ActiveCfg = Release|Any CPU
		{0A89C935-4D93-453A-AA27-9C60E378B78E}.Release|Any CPU.Build.0 = Release|Any CPU
	EndGlobalSection
	GlobalSection(SolutionProperties) = preSolution
		HideSolutionNode = FALSE
	EndGlobalSection
	GlobalSection(ExtensibilityGlobals) = postSolution
		SolutionGuid = {2C78A8AA-E9D9-435C-9942-2FEB0F8A2093}
	EndGlobalSection
EndGlobal
